// !$*UTF8*$!
{
	archiveVersion = 1;
	classes = {
	};
	objectVersion = 55;
	objects = {

/* Begin PBXBuildFile section */
		C129ECFB27667E82000B0CB9 /* OutputValueView.swift in Sources */ = {isa = PBXBuildFile; fileRef = C129ECFA27667E82000B0CB9 /* OutputValueView.swift */; };
		C1B56C76276502E2009F98CA /* ISBNIdentificationAppApp.swift in Sources */ = {isa = PBXBuildFile; fileRef = C1B56C75276502E2009F98CA /* ISBNIdentificationAppApp.swift */; };
		C1B56C78276502E2009F98CA /* ContentView.swift in Sources */ = {isa = PBXBuildFile; fileRef = C1B56C77276502E2009F98CA /* ContentView.swift */; };
		C1B56C7A276502E4009F98CA /* Assets.xcassets in Resources */ = {isa = PBXBuildFile; fileRef = C1B56C79276502E4009F98CA /* Assets.xcassets */; };
		C1B56C7D276502E4009F98CA /* Preview Assets.xcassets in Resources */ = {isa = PBXBuildFile; fileRef = C1B56C7C276502E4009F98CA /* Preview Assets.xcassets */; };
		C1B56C85276562DE009F98CA /* SectionLabelView.swift in Sources */ = {isa = PBXBuildFile; fileRef = C1B56C84276562DD009F98CA /* SectionLabelView.swift */; };
		C1B56C882765BC61009F98CA /* SliderValueView.swift in Sources */ = {isa = PBXBuildFile; fileRef = C1B56C872765BC61009F98CA /* SliderValueView.swift */; };
/* End PBXBuildFile section */

/* Begin PBXFileReference section */
		C129ECFA27667E82000B0CB9 /* OutputValueView.swift */ = {isa = PBXFileReference; lastKnownFileType = sourcecode.swift; path = OutputValueView.swift; sourceTree = "<group>"; };
		C1B56C72276502E2009F98CA /* ISBNIdentificationApp.app */ = {isa = PBXFileReference; explicitFileType = wrapper.application; includeInIndex = 0; path = ISBNIdentificationApp.app; sourceTree = BUILT_PRODUCTS_DIR; };
		C1B56C75276502E2009F98CA /* ISBNIdentificationAppApp.swift */ = {isa = PBXFileReference; lastKnownFileType = sourcecode.swift; path = ISBNIdentificationAppApp.swift; sourceTree = "<group>"; };
		C1B56C77276502E2009F98CA /* ContentView.swift */ = {isa = PBXFileReference; lastKnownFileType = sourcecode.swift; path = ContentView.swift; sourceTree = "<group>"; };
		C1B56C79276502E4009F98CA /* Assets.xcassets */ = {isa = PBXFileReference; lastKnownFileType = folder.assetcatalog; path = Assets.xcassets; sourceTree = "<group>"; };
		C1B56C7C276502E4009F98CA /* Preview Assets.xcassets */ = {isa = PBXFileReference; lastKnownFileType = folder.assetcatalog; path = "Preview Assets.xcassets"; sourceTree = "<group>"; };
		C1B56C84276562DD009F98CA /* SectionLabelView.swift */ = {isa = PBXFileReference; lastKnownFileType = sourcecode.swift; path = SectionLabelView.swift; sourceTree = "<group>"; };
		C1B56C872765BC61009F98CA /* SliderValueView.swift */ = {isa = PBXFileReference; lastKnownFileType = sourcecode.swift; path = SliderValueView.swift; sourceTree = "<group>"; };
/* End PBXFileReference section */

/* Begin PBXFrameworksBuildPhase section */
		C1B56C6F276502E2009F98CA /* Frameworks */ = {
			isa = PBXFrameworksBuildPhase;
			buildActionMask = 2147483647;
			files = (
			);
			runOnlyForDeploymentPostprocessing = 0;
		};
/* End PBXFrameworksBuildPhase section */

/* Begin PBXGroup section */
		C1B56C69276502E2009F98CA = {
			isa = PBXGroup;
			children = (
				C1B56C74276502E2009F98CA /* ISBNIdentificationApp */,
				C1B56C73276502E2009F98CA /* Products */,
			);
			sourceTree = "<group>";
		};
		C1B56C73276502E2009F98CA /* Products */ = {
			isa = PBXGroup;
			children = (
				C1B56C72276502E2009F98CA /* ISBNIdentificationApp.app */,
			);
			name = Products;
			sourceTree = "<group>";
		};
		C1B56C74276502E2009F98CA /* ISBNIdentificationApp */ = {
			isa = PBXGroup;
			children = (
				C1B56C75276502E2009F98CA /* ISBNIdentificationAppApp.swift */,
				C1B56C862765BC3D009F98CA /* Helpers */,
				C1B56C83276562BC009F98CA /* Views */,
				C1B56C77276502E2009F98CA /* ContentView.swift */,
				C1B56C7B276502E4009F98CA /* Preview Content */,
			);
			path = ISBNIdentificationApp;
			sourceTree = "<group>";
		};
		C1B56C7B276502E4009F98CA /* Preview Content */ = {
			isa = PBXGroup;
			children = (
				C1B56C79276502E4009F98CA /* Assets.xcassets */,
				C1B56C7C276502E4009F98CA /* Preview Assets.xcassets */,
			);
			path = "Preview Content";
			sourceTree = "<group>";
		};
		C1B56C83276562BC009F98CA /* Views */ = {
			isa = PBXGroup;
			children = (
			);
			path = Views;
			sourceTree = "<group>";
		};
		C1B56C862765BC3D009F98CA /* Helpers */ = {
			isa = PBXGroup;
			children = (
				C1B56C84276562DD009F98CA /* SectionLabelView.swift */,
				C1B56C872765BC61009F98CA /* SliderValueView.swift */,
				C129ECFA27667E82000B0CB9 /* OutputValueView.swift */,
			);
			path = Helpers;
			sourceTree = "<group>";
		};
/* End PBXGroup section */

/* Begin PBXNativeTarget section */
		C1B56C71276502E2009F98CA /* ISBNIdentificationApp */ = {
			isa = PBXNativeTarget;
			buildConfigurationList = C1B56C80276502E4009F98CA /* Build configuration list for PBXNativeTarget "ISBNIdentificationApp" */;
			buildPhases = (
				C1B56C6E276502E2009F98CA /* Sources */,
				C1B56C6F276502E2009F98CA /* Frameworks */,
				C1B56C70276502E2009F98CA /* Resources */,
			);
			buildRules = (
			);
			dependencies = (
			);
			name = ISBNIdentificationApp;
			productName = ISBNIdentificationApp;
			productReference = C1B56C72276502E2009F98CA /* ISBNIdentificationApp.app */;
			productType = "com.apple.product-type.application";
		};
/* End PBXNativeTarget section */

/* Begin PBXProject section */
		C1B56C6A276502E2009F98CA /* Project object */ = {
			isa = PBXProject;
			attributes = {
				BuildIndependentTargetsInParallel = 1;
				LastSwiftUpdateCheck = 1310;
				LastUpgradeCheck = 1310;
				TargetAttributes = {
					C1B56C71276502E2009F98CA = {
						CreatedOnToolsVersion = 13.1;
					};
				};
			};
			buildConfigurationList = C1B56C6D276502E2009F98CA /* Build configuration list for PBXProject "ISBNIdentificationApp" */;
			compatibilityVersion = "Xcode 13.0";
			developmentRegion = en;
			hasScannedForEncodings = 0;
			knownRegions = (
				en,
				Base,
			);
			mainGroup = C1B56C69276502E2009F98CA;
			productRefGroup = C1B56C73276502E2009F98CA /* Products */;
			projectDirPath = "";
			projectRoot = "";
			targets = (
				C1B56C71276502E2009F98CA /* ISBNIdentificationApp */,
			);
		};
/* End PBXProject section */

/* Begin PBXResourcesBuildPhase section */
		C1B56C70276502E2009F98CA /* Resources */ = {
			isa = PBXResourcesBuildPhase;
			buildActionMask = 2147483647;
			files = (
				C1B56C7D276502E4009F98CA /* Preview Assets.xcassets in Resources */,
				C1B56C7A276502E4009F98CA /* Assets.xcassets in Resources */,
			);
			runOnlyForDeploymentPostprocessing = 0;
		};
/* End PBXResourcesBuildPhase section */

/* Begin PBXSourcesBuildPhase section */
		C1B56C6E276502E2009F98CA /* Sources */ = {
			isa = PBXSourcesBuildPhase;
			buildActionMask = 2147483647;
			files = (
				C1B56C85276562DE009F98CA /* SectionLabelView.swift in Sources */,
				C129ECFB27667E82000B0CB9 /* OutputValueView.swift in Sources */,
				C1B56C78276502E2009F98CA /* ContentView.swift in Sources */,
				C1B56C76276502E2009F98CA /* ISBNIdentificationAppApp.swift in Sources */,
				C1B56C882765BC61009F98CA /* SliderValueView.swift in Sources */,
			);
			runOnlyForDeploymentPostprocessing = 0;
		};
/* End PBXSourcesBuildPhase section */

/* Begin XCBuildConfiguration section */
		C1B56C7E276502E4009F98CA /* Debug */ = {
			isa = XCBuildConfiguration;
			buildSettings = {
				ALWAYS_SEARCH_USER_PATHS = NO;
				CLANG_ANALYZER_NONNULL = YES;
				CLANG_ANALYZER_NUMBER_OBJECT_CONVERSION = YES_AGGRESSIVE;
				CLANG_CXX_LANGUAGE_STANDARD = "gnu++17";
				CLANG_CXX_LIBRARY = "libc++";
				CLANG_ENABLE_MODULES = YES;
				CLANG_ENABLE_OBJC_ARC = YES;
				CLANG_ENABLE_OBJC_WEAK = YES;
				CLANG_WARN_BLOCK_CAPTURE_AUTORELEASING = YES;
				CLANG_WARN_BOOL_CONVERSION = YES;
				CLANG_WARN_COMMA = YES;
				CLANG_WARN_CONSTANT_CONVERSION = YES;
				CLANG_WARN_DEPRECATED_OBJC_IMPLEMENTATIONS = YES;
				CLANG_WARN_DIRECT_OBJC_ISA_USAGE = YES_ERROR;
				CLANG_WARN_DOCUMENTATION_COMMENTS = YES;
				CLANG_WARN_EMPTY_BODY = YES;
				CLANG_WARN_ENUM_CONVERSION = YES;
				CLANG_WARN_INFINITE_RECURSION = YES;
				CLANG_WARN_INT_CONVERSION = YES;
				CLANG_WARN_NON_LITERAL_NULL_CONVERSION = YES;
				CLANG_WARN_OBJC_IMPLICIT_RETAIN_SELF = YES;
				CLANG_WARN_OBJC_LITERAL_CONVERSION = YES;
				CLANG_WARN_OBJC_ROOT_CLASS = YES_ERROR;
				CLANG_WARN_QUOTED_INCLUDE_IN_FRAMEWORK_HEADER = YES;
				CLANG_WARN_RANGE_LOOP_ANALYSIS = YES;
				CLANG_WARN_STRICT_PROTOTYPES = YES;
				CLANG_WARN_SUSPICIOUS_MOVE = YES;
				CLANG_WARN_UNGUARDED_AVAILABILITY = YES_AGGRESSIVE;
				CLANG_WARN_UNREACHABLE_CODE = YES;
				CLANG_WARN__DUPLICATE_METHOD_MATCH = YES;
				COPY_PHASE_STRIP = NO;
				DEBUG_INFORMATION_FORMAT = dwarf;
				ENABLE_STRICT_OBJC_MSGSEND = YES;
				ENABLE_TESTABILITY = YES;
				GCC_C_LANGUAGE_STANDARD = gnu11;
				GCC_DYNAMIC_NO_PIC = NO;
				GCC_NO_COMMON_BLOCKS = YES;
				GCC_OPTIMIZATION_LEVEL = 0;
				GCC_PREPROCESSOR_DEFINITIONS = (
					"DEBUG=1",
					"$(inherited)",
				);
				GCC_WARN_64_TO_32_BIT_CONVERSION = YES;
				GCC_WARN_ABOUT_RETURN_TYPE = YES_ERROR;
				GCC_WARN_UNDECLARED_SELECTOR = YES;
				GCC_WARN_UNINITIALIZED_AUTOS = YES_AGGRESSIVE;
				GCC_WARN_UNUSED_FUNCTION = YES;
				GCC_WARN_UNUSED_VARIABLE = YES;
				IPHONEOS_DEPLOYMENT_TARGET = 15.0;
				MTL_ENABLE_DEBUG_INFO = INCLUDE_SOURCE;
				MTL_FAST_MATH = YES;
				ONLY_ACTIVE_ARCH = YES;
				SDKROOT = iphoneos;
				SWIFT_ACTIVE_COMPILATION_CONDITIONS = DEBUG;
				SWIFT_OPTIMIZATION_LEVEL = "-Onone";
			};
			name = Debug;
		};
		C1B56C7F276502E4009F98CA /* Release */ = {
			isa = XCBuildConfiguration;
			buildSettings = {
				ALWAYS_SEARCH_USER_PATHS = NO;
				CLANG_ANALYZER_NONNULL = YES;
				CLANG_ANALYZER_NUMBER_OBJECT_CONVERSION = YES_AGGRESSIVE;
				CLANG_CXX_LANGUAGE_STANDARD = "gnu++17";
				CLANG_CXX_LIBRARY = "libc++";
				CLANG_ENABLE_MODULES = YES;
				CLANG_ENABLE_OBJC_ARC = YES;
				CLANG_ENABLE_OBJC_WEAK = YES;
				CLANG_WARN_BLOCK_CAPTURE_AUTORELEASING = YES;
				CLANG_WARN_BOOL_CONVERSION = YES;
				CLANG_WARN_COMMA = YES;
				CLANG_WARN_CONSTANT_CONVERSION = YES;
				CLANG_WARN_DEPRECATED_OBJC_IMPLEMENTATIONS = YES;
				CLANG_WARN_DIRECT_OBJC_ISA_USAGE = YES_ERROR;
				CLANG_WARN_DOCUMENTATION_COMMENTS = YES;
				CLANG_WARN_EMPTY_BODY = YES;
				CLANG_WARN_ENUM_CONVERSION = YES;
				CLANG_WARN_INFINITE_RECURSION = YES;
				CLANG_WARN_INT_CONVERSION = YES;
				CLANG_WARN_NON_LITERAL_NULL_CONVERSION = YES;
				CLANG_WARN_OBJC_IMPLICIT_RETAIN_SELF = YES;
				CLANG_WARN_OBJC_LITERAL_CONVERSION = YES;
				CLANG_WARN_OBJC_ROOT_CLASS = YES_ERROR;
				CLANG_WARN_QUOTED_INCLUDE_IN_FRAMEWORK_HEADER = YES;
				CLANG_WARN_RANGE_LOOP_ANALYSIS = YES;
				CLANG_WARN_STRICT_PROTOTYPES = YES;
				CLANG_WARN_SUSPICIOUS_MOVE = YES;
				CLANG_WARN_UNGUARDED_AVAILABILITY = YES_AGGRESSIVE;
				CLANG_WARN_UNREACHABLE_CODE = YES;
				CLANG_WARN__DUPLICATE_METHOD_MATCH = YES;
				COPY_PHASE_STRIP = NO;
				DEBUG_INFORMATION_FORMAT = "dwarf-with-dsym";
				ENABLE_NS_ASSERTIONS = NO;
				ENABLE_STRICT_OBJC_MSGSEND = YES;
				GCC_C_LANGUAGE_STANDARD = gnu11;
				GCC_NO_COMMON_BLOCKS = YES;
				GCC_WARN_64_TO_32_BIT_CONVERSION = YES;
				GCC_WARN_ABOUT_RETURN_TYPE = YES_ERROR;
				GCC_WARN_UNDECLARED_SELECTOR = YES;
				GCC_WARN_UNINITIALIZED_AUTOS = YES_AGGRESSIVE;
				GCC_WARN_UNUSED_FUNCTION = YES;
				GCC_WARN_UNUSED_VARIABLE = YES;
				IPHONEOS_DEPLOYMENT_TARGET = 15.0;
				MTL_ENABLE_DEBUG_INFO = NO;
				MTL_FAST_MATH = YES;
				SDKROOT = iphoneos;
				SWIFT_COMPILATION_MODE = wholemodule;
				SWIFT_OPTIMIZATION_LEVEL = "-O";
				VALIDATE_PRODUCT = YES;
			};
			name = Release;
		};
		C1B56C81276502E4009F98CA /* Debug */ = {
			isa = XCBuildConfiguration;
			buildSettings = {
				ASSETCATALOG_COMPILER_APPICON_NAME = AppIcon;
				ASSETCATALOG_COMPILER_GLOBAL_ACCENT_COLOR_NAME = AccentColor;
				CODE_SIGN_STYLE = Automatic;
				CURRENT_PROJECT_VERSION = 1;
				DEVELOPMENT_ASSET_PATHS = "\"ISBNIdentificationApp/Preview Content\"";
				DEVELOPMENT_TEAM = T24ULKVAAA;
				ENABLE_PREVIEWS = YES;
				GENERATE_INFOPLIST_FILE = YES;
				INFOPLIST_KEY_UIApplicationSceneManifest_Generation = YES;
				INFOPLIST_KEY_UIApplicationSupportsIndirectInputEvents = YES;
				INFOPLIST_KEY_UILaunchScreen_Generation = YES;
				INFOPLIST_KEY_UISupportedInterfaceOrientations_iPad = "UIInterfaceOrientationPortrait UIInterfaceOrientationPortraitUpsideDown UIInterfaceOrientationLandscapeLeft UIInterfaceOrientationLandscapeRight";
				INFOPLIST_KEY_UISupportedInterfaceOrientations_iPhone = "UIInterfaceOrientationPortrait UIInterfaceOrientationLandscapeLeft UIInterfaceOrientationLandscapeRight";
				LD_RUNPATH_SEARCH_PATHS = (
					"$(inherited)",
					"@executable_path/Frameworks",
				);
				MARKETING_VERSION = 1.0;
				PRODUCT_BUNDLE_IDENTIFIER = ca.berkbozkurt.ISBNIdentificationApp;
				PRODUCT_NAME = "$(TARGET_NAME)";
				SWIFT_EMIT_LOC_STRINGS = YES;
				SWIFT_VERSION = 5.0;
				TARGETED_DEVICE_FAMILY = "1,2";
			};
			name = Debug;
		};
		C1B56C82276502E4009F98CA /* Release */ = {
			isa = XCBuildConfiguration;
			buildSettings = {
				ASSETCATALOG_COMPILER_APPICON_NAME = AppIcon;
				ASSETCATALOG_COMPILER_GLOBAL_ACCENT_COLOR_NAME = AccentColor;
				CODE_SIGN_STYLE = Automatic;
				CURRENT_PROJECT_VERSION = 1;
				DEVELOPMENT_ASSET_PATHS = "\"ISBNIdentificationApp/Preview Content\"";
				DEVELOPMENT_TEAM = T24ULKVAAA;
				ENABLE_PREVIEWS = YES;
				GENERATE_INFOPLIST_FILE = YES;
				INFOPLIST_KEY_UIApplicationSceneManifest_Generation = YES;
				INFOPLIST_KEY_UIApplicationSupportsIndirectInputEvents = YES;
				INFOPLIST_KEY_UILaunchScreen_Generation = YES;
				INFOPLIST_KEY_UISupportedInterfaceOrientations_iPad = "UIInterfaceOrientationPortrait UIInterfaceOrientationPortraitUpsideDown UIInterfaceOrientationLandscapeLeft UIInterfaceOrientationLandscapeRight";
				INFOPLIST_KEY_UISupportedInterfaceOrientations_iPhone = "UIInterfaceOrientationPortrait UIInterfaceOrientationLandscapeLeft UIInterfaceOrientationLandscapeRight";
				LD_RUNPATH_SEARCH_PATHS = (
					"$(inherited)",
					"@executable_path/Frameworks",
				);
				MARKETING_VERSION = 1.0;
				PRODUCT_BUNDLE_IDENTIFIER = ca.berkbozkurt.ISBNIdentificationApp;
				PRODUCT_NAME = "$(TARGET_NAME)";
				SWIFT_EMIT_LOC_STRINGS = YES;
				SWIFT_VERSION = 5.0;
				TARGETED_DEVICE_FAMILY = "1,2";
			};
			name = Release;
		};
/* End XCBuildConfiguration section */

/* Begin XCConfigurationList section */
		C1B56C6D276502E2009F98CA /* Build configuration list for PBXProject "ISBNIdentificationApp" */ = {
			isa = XCConfigurationList;
			buildConfigurations = (
				C1B56C7E276502E4009F98CA /* Debug */,
				C1B56C7F276502E4009F98CA /* Release */,
			);
			defaultConfigurationIsVisible = 0;
			defaultConfigurationName = Release;
		};
		C1B56C80276502E4009F98CA /* Build configuration list for PBXNativeTarget "ISBNIdentificationApp" */ = {
			isa = XCConfigurationList;
			buildConfigurations = (
				C1B56C81276502E4009F98CA /* Debug */,
				C1B56C82276502E4009F98CA /* Release */,
			);
			defaultConfigurationIsVisible = 0;
			defaultConfigurationName = Release;
		};
/* End XCConfigurationList section */
	};
	rootObject = C1B56C6A276502E2009F98CA /* Project object */;
}
